// !$*UTF8*$!
{
	archiveVersion = 1;
	classes = {
	};
	objectVersion = 50;
	objects = {

/* Begin PBXBuildFile section */
		DE25A1AF2A652F5000C422DC /* AppDelegate.swift in Sources */ = {isa = PBXBuildFile; fileRef = DE25A1AE2A652F5000C422DC /* AppDelegate.swift */; };
		DE25A1B12A652F5000C422DC /* SceneDelegate.swift in Sources */ = {isa = PBXBuildFile; fileRef = DE25A1B02A652F5000C422DC /* SceneDelegate.swift */; };
		DE25A1B32A652F5000C422DC /* ViewController.swift in Sources */ = {isa = PBXBuildFile; fileRef = DE25A1B22A652F5000C422DC /* ViewController.swift */; };
		DE25A1B62A652F5000C422DC /* Main.storyboard in Resources */ = {isa = PBXBuildFile; fileRef = DE25A1B42A652F5000C422DC /* Main.storyboard */; };
		DE25A1B92A652F5000C422DC /* Cowrywise_Interview.xcdatamodeld in Sources */ = {isa = PBXBuildFile; fileRef = DE25A1B72A652F5000C422DC /* Cowrywise_Interview.xcdatamodeld */; };
		DE25A1BB2A652F5600C422DC /* Assets.xcassets in Resources */ = {isa = PBXBuildFile; fileRef = DE25A1BA2A652F5600C422DC /* Assets.xcassets */; };
		DE25A1BE2A652F5600C422DC /* LaunchScreen.storyboard in Resources */ = {isa = PBXBuildFile; fileRef = DE25A1BC2A652F5600C422DC /* LaunchScreen.storyboard */; };
		DE25A1C92A652F5600C422DC /* Cowrywise_InterviewTests.swift in Sources */ = {isa = PBXBuildFile; fileRef = DE25A1C82A652F5600C422DC /* Cowrywise_InterviewTests.swift */; };
/* End PBXBuildFile section */

/* Begin PBXContainerItemProxy section */
		DE25A1C52A652F5600C422DC /* PBXContainerItemProxy */ = {
			isa = PBXContainerItemProxy;
			containerPortal = DE25A1A32A652F5000C422DC /* Project object */;
			proxyType = 1;
			remoteGlobalIDString = DE25A1AA2A652F5000C422DC;
			remoteInfo = "Cowrywise-Interview";
		};
/* End PBXContainerItemProxy section */

/* Begin PBXFileReference section */
		DE25A1AB2A652F5000C422DC /* Cowrywise-Interview.app */ = {isa = PBXFileReference; explicitFileType = wrapper.application; includeInIndex = 0; path = "Cowrywise-Interview.app"; sourceTree = BUILT_PRODUCTS_DIR; };
		DE25A1AE2A652F5000C422DC /* AppDelegate.swift */ = {isa = PBXFileReference; lastKnownFileType = sourcecode.swift; path = AppDelegate.swift; sourceTree = "<group>"; };
		DE25A1B02A652F5000C422DC /* SceneDelegate.swift */ = {isa = PBXFileReference; lastKnownFileType = sourcecode.swift; path = SceneDelegate.swift; sourceTree = "<group>"; };
		DE25A1B22A652F5000C422DC /* ViewController.swift */ = {isa = PBXFileReference; lastKnownFileType = sourcecode.swift; path = ViewController.swift; sourceTree = "<group>"; };
		DE25A1B52A652F5000C422DC /* Base */ = {isa = PBXFileReference; lastKnownFileType = file.storyboard; name = Base; path = Base.lproj/Main.storyboard; sourceTree = "<group>"; };
		DE25A1B82A652F5000C422DC /* Cowrywise_Interview.xcdatamodel */ = {isa = PBXFileReference; lastKnownFileType = wrapper.xcdatamodel; path = Cowrywise_Interview.xcdatamodel; sourceTree = "<group>"; };
		DE25A1BA2A652F5600C422DC /* Assets.xcassets */ = {isa = PBXFileReference; lastKnownFileType = folder.assetcatalog; path = Assets.xcassets; sourceTree = "<group>"; };
		DE25A1BD2A652F5600C422DC /* Base */ = {isa = PBXFileReference; lastKnownFileType = file.storyboard; name = Base; path = Base.lproj/LaunchScreen.storyboard; sourceTree = "<group>"; };
		DE25A1BF2A652F5600C422DC /* Info.plist */ = {isa = PBXFileReference; lastKnownFileType = text.plist.xml; path = Info.plist; sourceTree = "<group>"; };
		DE25A1C42A652F5600C422DC /* Cowrywise-InterviewTests.xctest */ = {isa = PBXFileReference; explicitFileType = wrapper.cfbundle; includeInIndex = 0; path = "Cowrywise-InterviewTests.xctest"; sourceTree = BUILT_PRODUCTS_DIR; };
		DE25A1C82A652F5600C422DC /* Cowrywise_InterviewTests.swift */ = {isa = PBXFileReference; lastKnownFileType = sourcecode.swift; path = Cowrywise_InterviewTests.swift; sourceTree = "<group>"; };
		DE25A1CA2A652F5600C422DC /* Info.plist */ = {isa = PBXFileReference; lastKnownFileType = text.plist.xml; path = Info.plist; sourceTree = "<group>"; };
/* End PBXFileReference section */

/* Begin PBXFrameworksBuildPhase section */
		DE25A1A82A652F5000C422DC /* Frameworks */ = {
			isa = PBXFrameworksBuildPhase;
			buildActionMask = 2147483647;
			files = (
			);
			runOnlyForDeploymentPostprocessing = 0;
		};
		DE25A1C12A652F5600C422DC /* Frameworks */ = {
			isa = PBXFrameworksBuildPhase;
			buildActionMask = 2147483647;
			files = (
			);
			runOnlyForDeploymentPostprocessing = 0;
		};
/* End PBXFrameworksBuildPhase section */

/* Begin PBXGroup section */
		DE25A1A22A652F5000C422DC = {
			isa = PBXGroup;
			children = (
				DE25A1AD2A652F5000C422DC /* Cowrywise-Interview */,
				DE25A1C72A652F5600C422DC /* Cowrywise-InterviewTests */,
				DE25A1AC2A652F5000C422DC /* Products */,
			);
			sourceTree = "<group>";
		};
		DE25A1AC2A652F5000C422DC /* Products */ = {
			isa = PBXGroup;
			children = (
				DE25A1AB2A652F5000C422DC /* Cowrywise-Interview.app */,
				DE25A1C42A652F5600C422DC /* Cowrywise-InterviewTests.xctest */,
			);
			name = Products;
			sourceTree = "<group>";
		};
		DE25A1AD2A652F5000C422DC /* Cowrywise-Interview */ = {
			isa = PBXGroup;
			children = (
				DE25A1AE2A652F5000C422DC /* AppDelegate.swift */,
				DE25A1B02A652F5000C422DC /* SceneDelegate.swift */,
				DE25A1B22A652F5000C422DC /* ViewController.swift */,
				DE25A1B42A652F5000C422DC /* Main.storyboard */,
				DE25A1BA2A652F5600C422DC /* Assets.xcassets */,
				DE25A1BC2A652F5600C422DC /* LaunchScreen.storyboard */,
				DE25A1BF2A652F5600C422DC /* Info.plist */,
				DE25A1B72A652F5000C422DC /* Cowrywise_Interview.xcdatamodeld */,
			);
			path = "Cowrywise-Interview";
			sourceTree = "<group>";
		};
		DE25A1C72A652F5600C422DC /* Cowrywise-InterviewTests */ = {
			isa = PBXGroup;
			children = (
				DE25A1C82A652F5600C422DC /* Cowrywise_InterviewTests.swift */,
				DE25A1CA2A652F5600C422DC /* Info.plist */,
			);
			path = "Cowrywise-InterviewTests";
			sourceTree = "<group>";
		};
/* End PBXGroup section */

/* Begin PBXNativeTarget section */
		DE25A1AA2A652F5000C422DC /* Cowrywise-Interview */ = {
			isa = PBXNativeTarget;
			buildConfigurationList = DE25A1CD2A652F5600C422DC /* Build configuration list for PBXNativeTarget "Cowrywise-Interview" */;
			buildPhases = (
				DE25A1A72A652F5000C422DC /* Sources */,
				DE25A1A82A652F5000C422DC /* Frameworks */,
				DE25A1A92A652F5000C422DC /* Resources */,
			);
			buildRules = (
			);
			dependencies = (
			);
			name = "Cowrywise-Interview";
			productName = "Cowrywise-Interview";
			productReference = DE25A1AB2A652F5000C422DC /* Cowrywise-Interview.app */;
			productType = "com.apple.product-type.application";
		};
		DE25A1C32A652F5600C422DC /* Cowrywise-InterviewTests */ = {
			isa = PBXNativeTarget;
			buildConfigurationList = DE25A1D02A652F5600C422DC /* Build configuration list for PBXNativeTarget "Cowrywise-InterviewTests" */;
			buildPhases = (
				DE25A1C02A652F5600C422DC /* Sources */,
				DE25A1C12A652F5600C422DC /* Frameworks */,
				DE25A1C22A652F5600C422DC /* Resources */,
			);
			buildRules = (
			);
			dependencies = (
				DE25A1C62A652F5600C422DC /* PBXTargetDependency */,
			);
			name = "Cowrywise-InterviewTests";
			productName = "Cowrywise-InterviewTests";
			productReference = DE25A1C42A652F5600C422DC /* Cowrywise-InterviewTests.xctest */;
			productType = "com.apple.product-type.bundle.unit-test";
		};
/* End PBXNativeTarget section */

/* Begin PBXProject section */
		DE25A1A32A652F5000C422DC /* Project object */ = {
			isa = PBXProject;
			attributes = {
				LastSwiftUpdateCheck = 1130;
				LastUpgradeCheck = 1130;
				ORGANIZATIONNAME = "Mark Boleigha";
				TargetAttributes = {
					DE25A1AA2A652F5000C422DC = {
						CreatedOnToolsVersion = 11.3.1;
					};
					DE25A1C32A652F5600C422DC = {
						CreatedOnToolsVersion = 11.3.1;
						TestTargetID = DE25A1AA2A652F5000C422DC;
					};
				};
			};
			buildConfigurationList = DE25A1A62A652F5000C422DC /* Build configuration list for PBXProject "Cowrywise-Interview" */;
			compatibilityVersion = "Xcode 9.3";
			developmentRegion = en;
			hasScannedForEncodings = 0;
			knownRegions = (
				en,
				Base,
			);
			mainGroup = DE25A1A22A652F5000C422DC;
			productRefGroup = DE25A1AC2A652F5000C422DC /* Products */;
			projectDirPath = "";
			projectRoot = "";
			targets = (
				DE25A1AA2A652F5000C422DC /* Cowrywise-Interview */,
				DE25A1C32A652F5600C422DC /* Cowrywise-InterviewTests */,
			);
		};
/* End PBXProject section */

/* Begin PBXResourcesBuildPhase section */
		DE25A1A92A652F5000C422DC /* Resources */ = {
			isa = PBXResourcesBuildPhase;
			buildActionMask = 2147483647;
			files = (
				DE25A1BE2A652F5600C422DC /* LaunchScreen.storyboard in Resources */,
				DE25A1BB2A652F5600C422DC /* Assets.xcassets in Resources */,
				DE25A1B62A652F5000C422DC /* Main.storyboard in Resources */,
			);
			runOnlyForDeploymentPostprocessing = 0;
		};
		DE25A1C22A652F5600C422DC /* Resources */ = {
			isa = PBXResourcesBuildPhase;
			buildActionMask = 2147483647;
			files = (
			);
			runOnlyForDeploymentPostprocessing = 0;
		};
/* End PBXResourcesBuildPhase section */

/* Begin PBXSourcesBuildPhase section */
		DE25A1A72A652F5000C422DC /* Sources */ = {
			isa = PBXSourcesBuildPhase;
			buildActionMask = 2147483647;
			files = (
				DE25A1B92A652F5000C422DC /* Cowrywise_Interview.xcdatamodeld in Sources */,
				DE25A1B32A652F5000C422DC /* ViewController.swift in Sources */,
				DE25A1AF2A652F5000C422DC /* AppDelegate.swift in Sources */,
				DE25A1B12A652F5000C422DC /* SceneDelegate.swift in Sources */,
			);
			runOnlyForDeploymentPostprocessing = 0;
		};
		DE25A1C02A652F5600C422DC /* Sources */ = {
			isa = PBXSourcesBuildPhase;
			buildActionMask = 2147483647;
			files = (
				DE25A1C92A652F5600C422DC /* Cowrywise_InterviewTests.swift in Sources */,
			);
			runOnlyForDeploymentPostprocessing = 0;
		};
/* End PBXSourcesBuildPhase section */

/* Begin PBXTargetDependency section */
		DE25A1C62A652F5600C422DC /* PBXTargetDependency */ = {
			isa = PBXTargetDependency;
			target = DE25A1AA2A652F5000C422DC /* Cowrywise-Interview */;
			targetProxy = DE25A1C52A652F5600C422DC /* PBXContainerItemProxy */;
		};
/* End PBXTargetDependency section */

/* Begin PBXVariantGroup section */
		DE25A1B42A652F5000C422DC /* Main.storyboard */ = {
			isa = PBXVariantGroup;
			children = (
				DE25A1B52A652F5000C422DC /* Base */,
			);
			name = Main.storyboard;
			sourceTree = "<group>";
		};
		DE25A1BC2A652F5600C422DC /* LaunchScreen.storyboard */ = {
			isa = PBXVariantGroup;
			children = (
				DE25A1BD2A652F5600C422DC /* Base */,
			);
			name = LaunchScreen.storyboard;
			sourceTree = "<group>";
		};
/* End PBXVariantGroup section */

/* Begin XCBuildConfiguration section */
		DE25A1CB2A652F5600C422DC /* Debug */ = {
			isa = XCBuildConfiguration;
			buildSettings = {
				ALWAYS_SEARCH_USER_PATHS = NO;
				CLANG_ANALYZER_NONNULL = YES;
				CLANG_ANALYZER_NUMBER_OBJECT_CONVERSION = YES_AGGRESSIVE;
				CLANG_CXX_LANGUAGE_STANDARD = "gnu++14";
				CLANG_CXX_LIBRARY = "libc++";
				CLANG_ENABLE_MODULES = YES;
				CLANG_ENABLE_OBJC_ARC = YES;
				CLANG_ENABLE_OBJC_WEAK = YES;
				CLANG_WARN_BLOCK_CAPTURE_AUTORELEASING = YES;
				CLANG_WARN_BOOL_CONVERSION = YES;
				CLANG_WARN_COMMA = YES;
				CLANG_WARN_CONSTANT_CONVERSION = YES;
				CLANG_WARN_DEPRECATED_OBJC_IMPLEMENTATIONS = YES;
				CLANG_WARN_DIRECT_OBJC_ISA_USAGE = YES_ERROR;
				CLANG_WARN_DOCUMENTATION_COMMENTS = YES;
				CLANG_WARN_EMPTY_BODY = YES;
				CLANG_WARN_ENUM_CONVERSION = YES;
				CLANG_WARN_INFINITE_RECURSION = YES;
				CLANG_WARN_INT_CONVERSION = YES;
				CLANG_WARN_NON_LITERAL_NULL_CONVERSION = YES;
				CLANG_WARN_OBJC_IMPLICIT_RETAIN_SELF = YES;
				CLANG_WARN_OBJC_LITERAL_CONVERSION = YES;
				CLANG_WARN_OBJC_ROOT_CLASS = YES_ERROR;
				CLANG_WARN_RANGE_LOOP_ANALYSIS = YES;
				CLANG_WARN_STRICT_PROTOTYPES = YES;
				CLANG_WARN_SUSPICIOUS_MOVE = YES;
				CLANG_WARN_UNGUARDED_AVAILABILITY = YES_AGGRESSIVE;
				CLANG_WARN_UNREACHABLE_CODE = YES;
				CLANG_WARN__DUPLICATE_METHOD_MATCH = YES;
				COPY_PHASE_STRIP = NO;
				DEBUG_INFORMATION_FORMAT = dwarf;
				ENABLE_STRICT_OBJC_MSGSEND = YES;
				ENABLE_TESTABILITY = YES;
				GCC_C_LANGUAGE_STANDARD = gnu11;
				GCC_DYNAMIC_NO_PIC = NO;
				GCC_NO_COMMON_BLOCKS = YES;
				GCC_OPTIMIZATION_LEVEL = 0;
				GCC_PREPROCESSOR_DEFINITIONS = (
					"DEBUG=1",
					"$(inherited)",
				);
				GCC_WARN_64_TO_32_BIT_CONVERSION = YES;
				GCC_WARN_ABOUT_RETURN_TYPE = YES_ERROR;
				GCC_WARN_UNDECLARED_SELECTOR = YES;
				GCC_WARN_UNINITIALIZED_AUTOS = YES_AGGRESSIVE;
				GCC_WARN_UNUSED_FUNCTION = YES;
				GCC_WARN_UNUSED_VARIABLE = YES;
				IPHONEOS_DEPLOYMENT_TARGET = 13.2;
				MTL_ENABLE_DEBUG_INFO = INCLUDE_SOURCE;
				MTL_FAST_MATH = YES;
				ONLY_ACTIVE_ARCH = YES;
				SDKROOT = iphoneos;
				SWIFT_ACTIVE_COMPILATION_CONDITIONS = DEBUG;
				SWIFT_OPTIMIZATION_LEVEL = "-Onone";
			};
			name = Debug;
		};
		DE25A1CC2A652F5600C422DC /* Release */ = {
			isa = XCBuildConfiguration;
			buildSettings = {
				ALWAYS_SEARCH_USER_PATHS = NO;
				CLANG_ANALYZER_NONNULL = YES;
				CLANG_ANALYZER_NUMBER_OBJECT_CONVERSION = YES_AGGRESSIVE;
				CLANG_CXX_LANGUAGE_STANDARD = "gnu++14";
				CLANG_CXX_LIBRARY = "libc++";
				CLANG_ENABLE_MODULES = YES;
				CLANG_ENABLE_OBJC_ARC = YES;
				CLANG_ENABLE_OBJC_WEAK = YES;
				CLANG_WARN_BLOCK_CAPTURE_AUTORELEASING = YES;
				CLANG_WARN_BOOL_CONVERSION = YES;
				CLANG_WARN_COMMA = YES;
				CLANG_WARN_CONSTANT_CONVERSION = YES;
				CLANG_WARN_DEPRECATED_OBJC_IMPLEMENTATIONS = YES;
				CLANG_WARN_DIRECT_OBJC_ISA_USAGE = YES_ERROR;
				CLANG_WARN_DOCUMENTATION_COMMENTS = YES;
				CLANG_WARN_EMPTY_BODY = YES;
				CLANG_WARN_ENUM_CONVERSION = YES;
				CLANG_WARN_INFINITE_RECURSION = YES;
				CLANG_WARN_INT_CONVERSION = YES;
				CLANG_WARN_NON_LITERAL_NULL_CONVERSION = YES;
				CLANG_WARN_OBJC_IMPLICIT_RETAIN_SELF = YES;
				CLANG_WARN_OBJC_LITERAL_CONVERSION = YES;
				CLANG_WARN_OBJC_ROOT_CLASS = YES_ERROR;
				CLANG_WARN_RANGE_LOOP_ANALYSIS = YES;
				CLANG_WARN_STRICT_PROTOTYPES = YES;
				CLANG_WARN_SUSPICIOUS_MOVE = YES;
				CLANG_WARN_UNGUARDED_AVAILABILITY = YES_AGGRESSIVE;
				CLANG_WARN_UNREACHABLE_CODE = YES;
				CLANG_WARN__DUPLICATE_METHOD_MATCH = YES;
				COPY_PHASE_STRIP = NO;
				DEBUG_INFORMATION_FORMAT = "dwarf-with-dsym";
				ENABLE_NS_ASSERTIONS = NO;
				ENABLE_STRICT_OBJC_MSGSEND = YES;
				GCC_C_LANGUAGE_STANDARD = gnu11;
				GCC_NO_COMMON_BLOCKS = YES;
				GCC_WARN_64_TO_32_BIT_CONVERSION = YES;
				GCC_WARN_ABOUT_RETURN_TYPE = YES_ERROR;
				GCC_WARN_UNDECLARED_SELECTOR = YES;
				GCC_WARN_UNINITIALIZED_AUTOS = YES_AGGRESSIVE;
				GCC_WARN_UNUSED_FUNCTION = YES;
				GCC_WARN_UNUSED_VARIABLE = YES;
				IPHONEOS_DEPLOYMENT_TARGET = 13.2;
				MTL_ENABLE_DEBUG_INFO = NO;
				MTL_FAST_MATH = YES;
				SDKROOT = iphoneos;
				SWIFT_COMPILATION_MODE = wholemodule;
				SWIFT_OPTIMIZATION_LEVEL = "-O";
				VALIDATE_PRODUCT = YES;
			};
			name = Release;
		};
		DE25A1CE2A652F5600C422DC /* Debug */ = {
			isa = XCBuildConfiguration;
			buildSettings = {
				ASSETCATALOG_COMPILER_APPICON_NAME = AppIcon;
				CODE_SIGN_STYLE = Automatic;
				DEVELOPMENT_TEAM = 22FN4D2YAD;
				INFOPLIST_FILE = "Cowrywise-Interview/Info.plist";
				LD_RUNPATH_SEARCH_PATHS = (
					"$(inherited)",
					"@executable_path/Frameworks",
				);
				PRODUCT_BUNDLE_IDENTIFIER = "com.mark-boleigha.Cowrywise-Interview";
				PRODUCT_NAME = "$(TARGET_NAME)";
				SWIFT_VERSION = 5.0;
				TARGETED_DEVICE_FAMILY = "1,2";
			};
			name = Debug;
		};
		DE25A1CF2A652F5600C422DC /* Release */ = {
			isa = XCBuildConfiguration;
			buildSettings = {
				ASSETCATALOG_COMPILER_APPICON_NAME = AppIcon;
				CODE_SIGN_STYLE = Automatic;
				DEVELOPMENT_TEAM = 22FN4D2YAD;
				INFOPLIST_FILE = "Cowrywise-Interview/Info.plist";
				LD_RUNPATH_SEARCH_PATHS = (
					"$(inherited)",
					"@executable_path/Frameworks",
				);
				PRODUCT_BUNDLE_IDENTIFIER = "com.mark-boleigha.Cowrywise-Interview";
				PRODUCT_NAME = "$(TARGET_NAME)";
				SWIFT_VERSION = 5.0;
				TARGETED_DEVICE_FAMILY = "1,2";
			};
			name = Release;
		};
		DE25A1D12A652F5600C422DC /* Debug */ = {
			isa = XCBuildConfiguration;
			buildSettings = {
				ALWAYS_EMBED_SWIFT_STANDARD_LIBRARIES = YES;
				BUNDLE_LOADER = "$(TEST_HOST)";
				CODE_SIGN_STYLE = Automatic;
				DEVELOPMENT_TEAM = 22FN4D2YAD;
				INFOPLIST_FILE = "Cowrywise-InterviewTests/Info.plist";
				IPHONEOS_DEPLOYMENT_TARGET = 13.2;
				LD_RUNPATH_SEARCH_PATHS = (
					"$(inherited)",
					"@executable_path/Frameworks",
					"@loader_path/Frameworks",
				);
				PRODUCT_BUNDLE_IDENTIFIER = "com.mark-boleigha.Cowrywise-InterviewTests";
				PRODUCT_NAME = "$(TARGET_NAME)";
				SWIFT_VERSION = 5.0;
				TARGETED_DEVICE_FAMILY = "1,2";
				TEST_HOST = "$(BUILT_PRODUCTS_DIR)/Cowrywise-Interview.app/Cowrywise-Interview";
			};
			name = Debug;
		};
		DE25A1D22A652F5600C422DC /* Release */ = {
			isa = XCBuildConfiguration;
			buildSettings = {
				ALWAYS_EMBED_SWIFT_STANDARD_LIBRARIES = YES;
				BUNDLE_LOADER = "$(TEST_HOST)";
				CODE_SIGN_STYLE = Automatic;
				DEVELOPMENT_TEAM = 22FN4D2YAD;
				INFOPLIST_FILE = "Cowrywise-InterviewTests/Info.plist";
				IPHONEOS_DEPLOYMENT_TARGET = 13.2;
				LD_RUNPATH_SEARCH_PATHS = (
					"$(inherited)",
					"@executable_path/Frameworks",
					"@loader_path/Frameworks",
				);
				PRODUCT_BUNDLE_IDENTIFIER = "com.mark-boleigha.Cowrywise-InterviewTests";
				PRODUCT_NAME = "$(TARGET_NAME)";
				SWIFT_VERSION = 5.0;
				TARGETED_DEVICE_FAMILY = "1,2";
				TEST_HOST = "$(BUILT_PRODUCTS_DIR)/Cowrywise-Interview.app/Cowrywise-Interview";
			};
			name = Release;
		};
/* End XCBuildConfiguration section */

/* Begin XCConfigurationList section */
		DE25A1A62A652F5000C422DC /* Build configuration list for PBXProject "Cowrywise-Interview" */ = {
			isa = XCConfigurationList;
			buildConfigurations = (
				DE25A1CB2A652F5600C422DC /* Debug */,
				DE25A1CC2A652F5600C422DC /* Release */,
			);
			defaultConfigurationIsVisible = 0;
			defaultConfigurationName = Release;
		};
		DE25A1CD2A652F5600C422DC /* Build configuration list for PBXNativeTarget "Cowrywise-Interview" */ = {
			isa = XCConfigurationList;
			buildConfigurations = (
				DE25A1CE2A652F5600C422DC /* Debug */,
				DE25A1CF2A652F5600C422DC /* Release */,
			);
			defaultConfigurationIsVisible = 0;
			defaultConfigurationName = Release;
		};
		DE25A1D02A652F5600C422DC /* Build configuration list for PBXNativeTarget "Cowrywise-InterviewTests" */ = {
			isa = XCConfigurationList;
			buildConfigurations = (
				DE25A1D12A652F5600C422DC /* Debug */,
				DE25A1D22A652F5600C422DC /* Release */,
			);
			defaultConfigurationIsVisible = 0;
			defaultConfigurationName = Release;
		};
/* End XCConfigurationList section */

/* Begin XCVersionGroup section */
		DE25A1B72A652F5000C422DC /* Cowrywise_Interview.xcdatamodeld */ = {
			isa = XCVersionGroup;
			children = (
				DE25A1B82A652F5000C422DC /* Cowrywise_Interview.xcdatamodel */,
			);
			currentVersion = DE25A1B82A652F5000C422DC /* Cowrywise_Interview.xcdatamodel */;
			path = Cowrywise_Interview.xcdatamodeld;
			sourceTree = "<group>";
			versionGroupType = wrapper.xcdatamodel;
		};
/* End XCVersionGroup section */
	};
	rootObject = DE25A1A32A652F5000C422DC /* Project object */;
}
